<?xml version="1.0" encoding="utf-8"?>
<Project ToolsVersion="4.0" xmlns="http://schemas.microsoft.com/developer/msbuild/2003">
  <ItemGroup>
    <Filter Include="Source Files">
      <UniqueIdentifier>{4FC737F1-C7A5-4376-A066-2A32D752A2FF}</UniqueIdentifier>
      <Extensions>cpp;c;cc;cxx;def;odl;idl;hpj;bat;asm;asmx</Extensions>
    </Filter>
    <Filter Include="Header Files">
      <UniqueIdentifier>{93995380-89BD-4b04-88EB-625FBE52EBFB}</UniqueIdentifier>
      <Extensions>h;hh;hpp;hxx;hm;inl;inc;xsd</Extensions>
    </Filter>
    <Filter Include="Resource Files">
      <UniqueIdentifier>{67DA6AB6-F800-4c08-8B7A-83BB121AAD01}</UniqueIdentifier>
      <Extensions>rc;ico;cur;bmp;dlg;rc2;rct;bin;rgs;gif;jpg;jpeg;jpe;resx;tiff;tif;png;wav</Extensions>
    </Filter>
  </ItemGroup>
  <ItemGroup>
    <ClCompile Include="src\iowow.c">
      <Filter>Source Files</Filter>
    </ClCompile>
    <ClCompile Include="src\fs\iwexfile.c">
      <Filter>Source Files</Filter>
    </ClCompile>
    <ClCompile Include="src\fs\iwfile.c">
      <Filter>Source Files</Filter>
    </ClCompile>
    <ClCompile Include="src\fs\iwfs.c">
      <Filter>Source Files</Filter>
    </ClCompile>
    <ClCompile Include="src\fs\iwfsmfile.c">
      <Filter>Source Files</Filter>
    </ClCompile>
    <ClCompile Include="src\fs\tests\iwfs_test1.c">
      <Filter>Source Files</Filter>
    </ClCompile>
    <ClCompile Include="src\fs\tests\iwfs_test2.c">
      <Filter>Source Files</Filter>
    </ClCompile>
    <ClCompile Include="src\fs\tests\iwfs_test3.c">
      <Filter>Source Files</Filter>
    </ClCompile>
    <ClCompile Include="src\kv\iwal.c">
      <Filter>Source Files</Filter>
    </ClCompile>
    <ClCompile Include="src\kv\iwkv.c">
      <Filter>Source Files</Filter>
    </ClCompile>
    <ClCompile Include="src\kv\benchmark\bdb_benchmark.c">
      <Filter>Source Files</Filter>
    </ClCompile>
    <ClCompile Include="src\kv\benchmark\bmbase.c">
      <Filter>Source Files</Filter>
    </ClCompile>
    <ClCompile Include="src\kv\benchmark\iwkv_benchmark.c">
      <Filter>Source Files</Filter>
    </ClCompile>
    <ClCompile Include="src\kv\benchmark\kyc_benchmark.c">
      <Filter>Source Files</Filter>
    </ClCompile>
    <ClCompile Include="src\kv\benchmark\leveldb_benchmark.c">
      <Filter>Source Files</Filter>
    </ClCompile>
    <ClCompile Include="src\kv\benchmark\lmdb_benchmark.c">
      <Filter>Source Files</Filter>
    </ClCompile>
    <ClCompile Include="src\kv\benchmark\tc_benchmark.c">
      <Filter>Source Files</Filter>
    </ClCompile>
    <ClCompile Include="src\kv\benchmark\wiredtiger_benchmark.c">
      <Filter>Source Files</Filter>
    </ClCompile>
    <ClCompile Include="src\kv\benchmark\out\build\x64-debug (default)\cmakefiles\3.18.20081302-msvc_2\compileridc\CMakeCCompilerId.c">
      <Filter>Source Files</Filter>
    </ClCompile>
    <ClCompile Include="src\kv\benchmark\out\build\x64-debug (default)\cmakefiles\3.18.20081302-msvc_2\compileridcxx\CMakeCXXCompilerId.cpp">
      <Filter>Source Files</Filter>
    </ClCompile>
    <ClCompile Include="src\kv\benchmark\out\build\x64-debug (default)\cmakefiles\showincludes\main.c">
      <Filter>Source Files</Filter>
    </ClCompile>
    <ClCompile Include="src\kv\dbg\iwkvdbg.c">
      <Filter>Source Files</Filter>
    </ClCompile>
    <ClCompile Include="src\kv\examples\compoundkeys1.c">
      <Filter>Source Files</Filter>
    </ClCompile>
    <ClCompile Include="src\kv\examples\cursors1.c">
      <Filter>Source Files</Filter>
    </ClCompile>
    <ClCompile Include="src\kv\examples\example1.c">
      <Filter>Source Files</Filter>
    </ClCompile>
    <ClCompile Include="src\kv\examples\out\build\x64-debug (default)\cmakefiles\3.18.20081302-msvc_2\compileridc\CMakeCCompilerId.c">
      <Filter>Source Files</Filter>
    </ClCompile>
    <ClCompile Include="src\kv\examples\out\build\x64-debug (default)\cmakefiles\3.18.20081302-msvc_2\compileridcxx\CMakeCXXCompilerId.cpp">
      <Filter>Source Files</Filter>
    </ClCompile>
    <ClCompile Include="src\kv\examples\out\build\x64-debug (default)\cmakefiles\showincludes\main.c">
      <Filter>Source Files</Filter>
    </ClCompile>
    <ClCompile Include="src\kv\tests\iwkv_test1.c">
      <Filter>Source Files</Filter>
    </ClCompile>
    <ClCompile Include="src\kv\tests\iwkv_test10.c">
      <Filter>Source Files</Filter>
    </ClCompile>
    <ClCompile Include="src\kv\tests\iwkv_test2.c">
      <Filter>Source Files</Filter>
    </ClCompile>
    <ClCompile Include="src\kv\tests\iwkv_test3.c">
      <Filter>Source Files</Filter>
    </ClCompile>
    <ClCompile Include="src\kv\tests\iwkv_test4.c">
      <Filter>Source Files</Filter>
    </ClCompile>
    <ClCompile Include="src\kv\tests\iwkv_test5.c">
      <Filter>Source Files</Filter>
    </ClCompile>
    <ClCompile Include="src\kv\tests\iwkv_test6.c">
      <Filter>Source Files</Filter>
    </ClCompile>
    <ClCompile Include="src\kv\tests\iwkv_test7.c">
      <Filter>Source Files</Filter>
    </ClCompile>
    <ClCompile Include="src\kv\tests\iwkv_test8.c">
      <Filter>Source Files</Filter>
    </ClCompile>
    <ClCompile Include="src\kv\tests\iwkv_test9.c">
      <Filter>Source Files</Filter>
    </ClCompile>
    <ClCompile Include="src\log\iwlog.c">
      <Filter>Source Files</Filter>
    </ClCompile>
    <ClCompile Include="src\log\out\build\x64-debug (default)\cmakefiles\3.18.20081302-msvc_2\compileridc\CMakeCCompilerId.c">
      <Filter>Source Files</Filter>
    </ClCompile>
    <ClCompile Include="src\log\out\build\x64-debug (default)\cmakefiles\3.18.20081302-msvc_2\compileridcxx\CMakeCXXCompilerId.cpp">
      <Filter>Source Files</Filter>
    </ClCompile>
    <ClCompile Include="src\log\out\build\x64-debug (default)\cmakefiles\showincludes\main.c">
      <Filter>Source Files</Filter>
    </ClCompile>
    <ClCompile Include="src\log\tests\iwlog_test1.c">
      <Filter>Source Files</Filter>
    </ClCompile>
    <ClCompile Include="src\log\tests\out\build\x64-debug (default)\cmakefiles\3.18.20081302-msvc_2\compileridc\CMakeCCompilerId.c">
      <Filter>Source Files</Filter>
    </ClCompile>
    <ClCompile Include="src\log\tests\out\build\x64-debug (default)\cmakefiles\3.18.20081302-msvc_2\compileridcxx\CMakeCXXCompilerId.cpp">
      <Filter>Source Files</Filter>
    </ClCompile>
    <ClCompile Include="src\log\tests\out\build\x64-debug (default)\cmakefiles\showincludes\main.c">
      <Filter>Source Files</Filter>
    </ClCompile>
    <ClCompile Include="src\platform\iwp.c">
      <Filter>Source Files</Filter>
    </ClCompile>
    <ClCompile Include="src\platform\unix\unix.c">
      <Filter>Source Files</Filter>
    </ClCompile>
    <ClCompile Include="src\platform\win32\win32.c">
      <Filter>Source Files</Filter>
    </ClCompile>
    <ClCompile Include="src\platform\win32\mman\mman.c">
      <Filter>Source Files</Filter>
    </ClCompile>
    <ClCompile Include="src\rdb\iwrdb.c">
      <Filter>Source Files</Filter>
    </ClCompile>
    <ClCompile Include="src\utils\iwarr.c">
      <Filter>Source Files</Filter>
    </ClCompile>
    <ClCompile Include="src\utils\iwconv.c">
      <Filter>Source Files</Filter>
    </ClCompile>
    <ClCompile Include="src\utils\iwhmap.c">
      <Filter>Source Files</Filter>
    </ClCompile>
    <ClCompile Include="src\utils\iwpool.c">
      <Filter>Source Files</Filter>
    </ClCompile>
    <ClCompile Include="src\utils\iwsha2.c">
      <Filter>Source Files</Filter>
    </ClCompile>
    <ClCompile Include="src\utils\iwstree.c">
      <Filter>Source Files</Filter>
    </ClCompile>
    <ClCompile Include="src\utils\iwstw.c">
      <Filter>Source Files</Filter>
    </ClCompile>
    <ClCompile Include="src\utils\iwth.c">
      <Filter>Source Files</Filter>
    </ClCompile>
    <ClCompile Include="src\utils\iwutils.c">
      <Filter>Source Files</Filter>
    </ClCompile>
    <ClCompile Include="src\utils\iwuuid.c">
      <Filter>Source Files</Filter>
    </ClCompile>
    <ClCompile Include="src\utils\iwxstr.c">
      <Filter>Source Files</Filter>
    </ClCompile>
    <ClCompile Include="src\utils\mt19937ar.c">
      <Filter>Source Files</Filter>
    </ClCompile>
    <ClCompile Include="src\utils\murmur3.c">
      <Filter>Source Files</Filter>
    </ClCompile>
    <ClCompile Include="tests\main.c">
      <Filter>Source Files</Filter>
    </ClCompile>
    <ClCompile Include="tests\log_tests\iwlog_test1.c">
      <Filter>Source Files</Filter>
    </ClCompile>
    <ClCompile Include="tests\log_tests\out\build\x64-debug (default)\cmakefiles\3.18.20081302-msvc_2\compileridc\CMakeCCompilerId.c">
      <Filter>Source Files</Filter>
    </ClCompile>
    <ClCompile Include="tests\log_tests\out\build\x64-debug (default)\cmakefiles\3.18.20081302-msvc_2\compileridcxx\CMakeCXXCompilerId.cpp">
      <Filter>Source Files</Filter>
    </ClCompile>
    <ClCompile Include="tests\log_tests\out\build\x64-debug (default)\cmakefiles\showincludes\main.c">
      <Filter>Source Files</Filter>
    </ClCompile>
    <ClCompile Include="tests\utils_tests\out\build\x64-debug (default)\cmakefiles\3.18.20081302-msvc_2\compileridc\CMakeCCompilerId.c">
      <Filter>Source Files</Filter>
    </ClCompile>
    <ClCompile Include="tests\utils_tests\out\build\x64-debug (default)\cmakefiles\3.18.20081302-msvc_2\compileridcxx\CMakeCXXCompilerId.cpp">
      <Filter>Source Files</Filter>
    </ClCompile>
    <ClCompile Include="tests\utils_tests\out\build\x64-debug (default)\cmakefiles\showincludes\main.c">
      <Filter>Source Files</Filter>
    </ClCompile>
  </ItemGroup>
  <ItemGroup>
    <None Include="src\kv\benchmark\out\build\x64-debug (default)\cmakefiles\3.18.20081302-msvc_2\CMakeDetermineCompilerABI_C.bin">
      <Filter>Resource Files</Filter>
    </None>
    <None Include="src\kv\benchmark\out\build\x64-debug (default)\cmakefiles\3.18.20081302-msvc_2\CMakeDetermineCompilerABI_CXX.bin">
      <Filter>Resource Files</Filter>
    </None>
    <None Include="src\kv\examples\out\build\x64-debug (default)\cmakefiles\3.18.20081302-msvc_2\CMakeDetermineCompilerABI_C.bin">
      <Filter>Resource Files</Filter>
    </None>
    <None Include="src\kv\examples\out\build\x64-debug (default)\cmakefiles\3.18.20081302-msvc_2\CMakeDetermineCompilerABI_CXX.bin">
      <Filter>Resource Files</Filter>
    </None>
    <None Include="src\log\out\build\x64-debug (default)\cmakefiles\3.18.20081302-msvc_2\CMakeDetermineCompilerABI_C.bin">
      <Filter>Resource Files</Filter>
    </None>
    <None Include="src\log\out\build\x64-debug (default)\cmakefiles\3.18.20081302-msvc_2\CMakeDetermineCompilerABI_CXX.bin">
      <Filter>Resource Files</Filter>
    </None>
    <None Include="src\log\tests\out\build\x64-debug (default)\cmakefiles\3.18.20081302-msvc_2\CMakeDetermineCompilerABI_C.bin">
      <Filter>Resource Files</Filter>
    </None>
    <None Include="src\log\tests\out\build\x64-debug (default)\cmakefiles\3.18.20081302-msvc_2\CMakeDetermineCompilerABI_CXX.bin">
      <Filter>Resource Files</Filter>
    </None>
    <None Include="tests\log_tests\out\build\x64-debug (default)\cmakefiles\3.18.20081302-msvc_2\CMakeDetermineCompilerABI_C.bin">
      <Filter>Resource Files</Filter>
    </None>
    <None Include="tests\log_tests\out\build\x64-debug (default)\cmakefiles\3.18.20081302-msvc_2\CMakeDetermineCompilerABI_CXX.bin">
      <Filter>Resource Files</Filter>
    </None>
    <None Include="tests\utils_tests\out\build\x64-debug (default)\cmakefiles\3.18.20081302-msvc_2\CMakeDetermineCompilerABI_C.bin">
      <Filter>Resource Files</Filter>
    </None>
    <None Include="src\kv\benchmark\benchmark_results.html" />
  </ItemGroup>
  <ItemGroup>
    <ClInclude Include="src\basedefs.h">
      <Filter>Header Files</Filter>
    </ClInclude>
    <ClInclude Include="src\iowow.h">
      <Filter>Header Files</Filter>
    </ClInclude>
    <ClInclude Include="src\fs\iwdlsnr.h">
      <Filter>Header Files</Filter>
    </ClInclude>
    <ClInclude Include="src\fs\iwexfile.h">
      <Filter>Header Files</Filter>
    </ClInclude>
    <ClInclude Include="src\fs\iwfile.h">
      <Filter>Header Files</Filter>
    </ClInclude>
    <ClInclude Include="src\fs\iwfsmfile.h">
      <Filter>Header Files</Filter>
    </ClInclude>
    <ClInclude Include="src\kv\iwal.h">
      <Filter>Header Files</Filter>
    </ClInclude>
    <ClInclude Include="src\kv\iwkv.h">
      <Filter>Header Files</Filter>
    </ClInclude>
    <ClInclude Include="src\kv\iwkv_internal.h">
      <Filter>Header Files</Filter>
    </ClInclude>
    <ClInclude Include="src\kv\benchmark\out\build\x64-debug (default)\cmakefiles\showincludes\foo.h">
      <Filter>Header Files</Filter>
    </ClInclude>
    <ClInclude Include="src\kv\examples\out\build\x64-debug (default)\cmakefiles\showincludes\foo.h">
      <Filter>Header Files</Filter>
    </ClInclude>
    <ClInclude Include="src\kv\tests\iwkv_tests.h">
      <Filter>Header Files</Filter>
    </ClInclude>
    <ClInclude Include="src\log\iwlog.h">
      <Filter>Header Files</Filter>
    </ClInclude>
    <ClInclude Include="src\log\out\build\x64-debug (default)\cmakefiles\showincludes\foo.h">
      <Filter>Header Files</Filter>
    </ClInclude>
    <ClInclude Include="src\log\tests\out\build\x64-debug (default)\cmakefiles\showincludes\foo.h">
      <Filter>Header Files</Filter>
    </ClInclude>
    <ClInclude Include="src\platform\iwp.h">
      <Filter>Header Files</Filter>
    </ClInclude>
    <ClInclude Include="src\platform\win32\mman\mman.h">
      <Filter>Header Files</Filter>
    </ClInclude>
    <ClInclude Include="src\rdb\iwrdb.h">
      <Filter>Header Files</Filter>
    </ClInclude>
    <ClInclude Include="src\tmpl\iwcfg.h">
      <Filter>Header Files</Filter>
    </ClInclude>
    <ClInclude Include="src\utils\iwarr.h">
      <Filter>Header Files</Filter>
    </ClInclude>
    <ClInclude Include="src\utils\iwbits.h">
      <Filter>Header Files</Filter>
    </ClInclude>
    <ClInclude Include="src\utils\iwconv.h">
      <Filter>Header Files</Filter>
    </ClInclude>
    <ClInclude Include="src\utils\iwhmap.h">
      <Filter>Header Files</Filter>
    </ClInclude>
    <ClInclude Include="src\utils\iwpool.h">
      <Filter>Header Files</Filter>
    </ClInclude>
    <ClInclude Include="src\utils\iwsha2.h">
      <Filter>Header Files</Filter>
    </ClInclude>
    <ClInclude Include="src\utils\iwstree.h">
      <Filter>Header Files</Filter>
    </ClInclude>
    <ClInclude Include="src\utils\iwstw.h">
      <Filter>Header Files</Filter>
    </ClInclude>
    <ClInclude Include="src\utils\iwth.h">
      <Filter>Header Files</Filter>
    </ClInclude>
    <ClInclude Include="src\utils\iwutils.h">
      <Filter>Header Files</Filter>
    </ClInclude>
    <ClInclude Include="src\utils\iwuuid.h">
      <Filter>Header Files</Filter>
    </ClInclude>
    <ClInclude Include="src\utils\iwxstr.h">
      <Filter>Header Files</Filter>
    </ClInclude>
    <ClInclude Include="src\utils\kbtree.h">
      <Filter>Header Files</Filter>
    </ClInclude>
    <ClInclude Include="src\utils\khash.h">
      <Filter>Header Files</Filter>
    </ClInclude>
    <ClInclude Include="src\utils\ksort.h">
      <Filter>Header Files</Filter>
    </ClInclude>
    <ClInclude Include="src\utils\mt19937ar.h">
      <Filter>Header Files</Filter>
    </ClInclude>
    <ClInclude Include="src\utils\murmur3.h">
      <Filter>Header Files</Filter>
    </ClInclude>
    <ClInclude Include="src\utils\pthread_spin_lock_shim.h">
      <Filter>Header Files</Filter>
    </ClInclude>
    <ClInclude Include="tests\main.h">
      <Filter>Header Files</Filter>
    </ClInclude>
    <ClInclude Include="tests\log_tests\out\build\x64-debug (default)\cmakefiles\showincludes\foo.h">
      <Filter>Header Files</Filter>
    </ClInclude>
    <ClInclude Include="tests\utils_tests\out\build\x64-debug (default)\cmakefiles\showincludes\foo.h">
      <Filter>Header Files</Filter>
    </ClInclude>
  </ItemGroup>
  <ItemGroup>
    <ResourceCompile Include="tests\utils_tests\out\build\x64-debug (default)\cmakefiles\cmaketmp\cmakefiles\cmtc_d3732.dir\manifest.rc">
      <Filter>Resource Files</Filter>
    </ResourceCompile>
  </ItemGroup>
</Project>